<?xml version="1.0" encoding="utf-8"?>
<Project ToolsVersion="4.0" xmlns="http://schemas.microsoft.com/developer/msbuild/2003">
  <ItemGroup>
    <Filter Include="Source Files">
      <UniqueIdentifier>{4FC737F1-C7A5-4376-A066-2A32D752A2FF}</UniqueIdentifier>
      <Extensions>cpp;c;cc;cxx;c++;cppm;ixx;def;odl;idl;hpj;bat;asm;asmx</Extensions>
    </Filter>
    <Filter Include="engine">
      <UniqueIdentifier>{eba3f380-67d2-4fb0-86e9-614325af6bf1}</UniqueIdentifier>
    </Filter>
    <Filter Include="engine\Shaders">
      <UniqueIdentifier>{80b3cd1d-cf43-4364-9710-783675cc6a36}</UniqueIdentifier>
    </Filter>
    <Filter Include="engine\lib">
      <UniqueIdentifier>{03ab2dc8-6c36-47ef-990c-d15c17a614a8}</UniqueIdentifier>
    </Filter>
    <Filter Include="engine\world">
      <UniqueIdentifier>{5016a957-1478-4332-a767-1d3c421934d9}</UniqueIdentifier>
    </Filter>
    <Filter Include="engine\collections">
      <UniqueIdentifier>{965e0a09-288b-4d61-8c36-aab0b8ce05ca}</UniqueIdentifier>
    </Filter>
  </ItemGroup>
  <ItemGroup>
    <ClCompile Include="main.cpp">
      <Filter>Source Files</Filter>
    </ClCompile>
    <ClCompile Include="glad.c">
      <Filter>Source Files</Filter>
    </ClCompile>
    <ClCompile Include="Game.cpp">
      <Filter>engine</Filter>
    </ClCompile>
    <ClCompile Include="Renderer.cpp">
      <Filter>engine</Filter>
    </ClCompile>
    <ClCompile Include="Shader.cpp">
      <Filter>engine\Shaders</Filter>
    </ClCompile>
    <ClCompile Include="Renderable.cpp">
      <Filter>engine\world</Filter>
    </ClCompile>
    <ClCompile Include="EngineDefaults.cpp">
      <Filter>engine</Filter>
    </ClCompile>
  </ItemGroup>
  <ItemGroup>
    <ClInclude Include="Game.hpp">
      <Filter>engine</Filter>
    </ClInclude>
    <ClInclude Include="Renderer.hpp">
      <Filter>engine</Filter>
    </ClInclude>
    <ClInclude Include="Shader.hpp">
      <Filter>engine\Shaders</Filter>
    </ClInclude>
    <ClInclude Include="Renderable.hpp">
      <Filter>engine\world</Filter>
    </ClInclude>
    <ClInclude Include="Array.hpp">
      <Filter>engine\collections</Filter>
    </ClInclude>
    <ClInclude Include="EngineDefaults.hpp">
      <Filter>engine</Filter>
    </ClInclude>
  </ItemGroup>
  <ItemGroup>
    <None Include="default.vshader">
      <Filter>engine\Shaders</Filter>
    </None>
    <None Include="default.fshader">
      <Filter>engine\Shaders</Filter>
    </None>
    <None Include="blue.fshader">
      <Filter>engine\Shaders</Filter>
    </None>
  </ItemGroup>
</Project>